
Microsoft Visual Studio Solution File, Format Version 12.00
Project("{FAE04EC0-301F-11D3-BF4B-00C04F79EFBC}") = "RoBusto", "RoBusto\RoBusto.csproj", "{C1D770AD-188D-40C6-9B0C-A0F08D10C0BF}"
EndProject
Global
	GlobalSection(SolutionConfigurationPlatforms) = preSolution
		Debug|Any CPU = Debug|Any CPU
		Release|Any CPU = Release|Any CPU
	EndGlobalSection
	GlobalSection(ProjectConfigurationPlatforms) = postSolution
		{C1D770AD-188D-40C6-9B0C-A0F08D10C0BF}.Debug|Any CPU.ActiveCfg = Debug|Any CPU
		{C1D770AD-188D-40C6-9B0C-A0F08D10C0BF}.Debug|Any CPU.Build.0 = Debug|Any CPU
		{C1D770AD-188D-40C6-9B0C-A0F08D10C0BF}.Release|Any CPU.ActiveCfg = Release|Any CPU
		{C1D770AD-188D-40C6-9B0C-A0F08D10C0BF}.Release|Any CPU.Build.0 = Release|Any CPU
	EndGlobalSection
EndGlobal
